
Microsoft Visual Studio Solution File, Format Version 12.00
# Visual Studio Version 17
VisualStudioVersion = 17.11.35222.181
MinimumVisualStudioVersion = 10.0.40219.1
Project("{FAE04EC0-301F-11D3-BF4B-00C04F79EFBC}") = "VSMD", "VSMD.csproj", "{82A0CF2B-0FF7-49FC-B02B-53082A79FD14}"
EndProject
Global
	GlobalSection(SolutionConfigurationPlatforms) = preSolution
		Debug|Any CPU = Debug|Any CPU
		Release|Any CPU = Release|Any CPU
	EndGlobalSection
	GlobalSection(ProjectConfigurationPlatforms) = postSolution
		{82A0CF2B-0FF7-49FC-B02B-53082A79FD14}.Debug|Any CPU.ActiveCfg = Debug|Any CPU
		{82A0CF2B-0FF7-49FC-B02B-53082A79FD14}.Debug|Any CPU.Build.0 = Debug|Any CPU
		{82A0CF2B-0FF7-49FC-B02B-53082A79FD14}.Release|Any CPU.ActiveCfg = Release|Any CPU
		{82A0CF2B-0FF7-49FC-B02B-53082A79FD14}.Release|Any CPU.Build.0 = Release|Any CPU
	EndGlobalSection
	GlobalSection(SolutionProperties) = preSolution
		HideSolutionNode = FALSE
	EndGlobalSection
	GlobalSection(ExtensibilityGlobals) = postSolution
		SolutionGuid = {F4520C07-145B-4DFE-8089-0FE933957DE5}
	EndGlobalSection
EndGlobal
